
Microsoft Visual Studio Solution File, Format Version 12.00
# Visual Studio 15
VisualStudioVersion = 15.0.28010.2046
MinimumVisualStudioVersion = 10.0.40219.1
Project("{FAE04EC0-301F-11D3-BF4B-00C04F79EFBC}") = "eDmx.ArtNet", "eDmx.ArtNet\eDmx.ArtNet.csproj", "{82991D6F-D554-41EE-AF8B-A110FCE19D00}"
EndProject
Project("{FAE04EC0-301F-11D3-BF4B-00C04F79EFBC}") = "BlinkyNetwork", "BlinkyNetwork\BlinkyNetwork.csproj", "{7B006174-7EBB-4BA1-80CD-67F8E80FD82A}"
EndProject
Project("{FAE04EC0-301F-11D3-BF4B-00C04F79EFBC}") = "kadmium-sacn", "kadmium-sacn\kadmium-sacn.csproj", "{2EE801E6-3691-40C3-9F4A-CED126365999}"
EndProject
Project("{FAE04EC0-301F-11D3-BF4B-00C04F79EFBC}") = "BlinkyNetwork.Tests", "BlinkyNetworkTests\BlinkyNetwork.Tests.csproj", "{8323D357-0AD9-407A-925D-11C1794321AA}"
EndProject
Project("{FAE04EC0-301F-11D3-BF4B-00C04F79EFBC}") = "BlinkyLights", "BlnkyLights\BlinkyLights.csproj", "{0A32F3DC-2B6A-43E9-A9AA-09E6F38E8D91}"
EndProject
Project("{2150E333-8FDC-42A3-9474-1A3956D46DE8}") = "Solution Items", "Solution Items", "{DF89FD5E-3DA8-4556-94D8-E12DDD916EFF}"
	ProjectSection(SolutionItems) = preProject
		packages\UnityEngine.dll = packages\UnityEngine.dll
	EndProjectSection
EndProject
Global
	GlobalSection(SolutionConfigurationPlatforms) = preSolution
		Debug|Any CPU = Debug|Any CPU
		Release|Any CPU = Release|Any CPU
	EndGlobalSection
	GlobalSection(ProjectConfigurationPlatforms) = postSolution
		{82991D6F-D554-41EE-AF8B-A110FCE19D00}.Debug|Any CPU.ActiveCfg = Debug|Any CPU
		{82991D6F-D554-41EE-AF8B-A110FCE19D00}.Debug|Any CPU.Build.0 = Debug|Any CPU
		{82991D6F-D554-41EE-AF8B-A110FCE19D00}.Release|Any CPU.ActiveCfg = Release|Any CPU
		{82991D6F-D554-41EE-AF8B-A110FCE19D00}.Release|Any CPU.Build.0 = Release|Any CPU
		{7B006174-7EBB-4BA1-80CD-67F8E80FD82A}.Debug|Any CPU.ActiveCfg = Debug|Any CPU
		{7B006174-7EBB-4BA1-80CD-67F8E80FD82A}.Debug|Any CPU.Build.0 = Debug|Any CPU
		{7B006174-7EBB-4BA1-80CD-67F8E80FD82A}.Release|Any CPU.ActiveCfg = Release|Any CPU
		{7B006174-7EBB-4BA1-80CD-67F8E80FD82A}.Release|Any CPU.Build.0 = Release|Any CPU
		{2EE801E6-3691-40C3-9F4A-CED126365999}.Debug|Any CPU.ActiveCfg = Debug|Any CPU
		{2EE801E6-3691-40C3-9F4A-CED126365999}.Debug|Any CPU.Build.0 = Debug|Any CPU
		{2EE801E6-3691-40C3-9F4A-CED126365999}.Release|Any CPU.ActiveCfg = Release|Any CPU
		{2EE801E6-3691-40C3-9F4A-CED126365999}.Release|Any CPU.Build.0 = Release|Any CPU
		{8323D357-0AD9-407A-925D-11C1794321AA}.Debug|Any CPU.ActiveCfg = Debug|Any CPU
		{8323D357-0AD9-407A-925D-11C1794321AA}.Debug|Any CPU.Build.0 = Debug|Any CPU
		{8323D357-0AD9-407A-925D-11C1794321AA}.Release|Any CPU.ActiveCfg = Release|Any CPU
		{8323D357-0AD9-407A-925D-11C1794321AA}.Release|Any CPU.Build.0 = Release|Any CPU
		{0A32F3DC-2B6A-43E9-A9AA-09E6F38E8D91}.Debug|Any CPU.ActiveCfg = Debug|Any CPU
		{0A32F3DC-2B6A-43E9-A9AA-09E6F38E8D91}.Debug|Any CPU.Build.0 = Debug|Any CPU
		{0A32F3DC-2B6A-43E9-A9AA-09E6F38E8D91}.Release|Any CPU.ActiveCfg = Release|Any CPU
		{0A32F3DC-2B6A-43E9-A9AA-09E6F38E8D91}.Release|Any CPU.Build.0 = Release|Any CPU
	EndGlobalSection
	GlobalSection(SolutionProperties) = preSolution
		HideSolutionNode = FALSE
	EndGlobalSection
	GlobalSection(ExtensibilityGlobals) = postSolution
		SolutionGuid = {06EE5A9C-E2C4-49B5-A117-354CF6361D41}
	EndGlobalSection
EndGlobal
